{
  "meteor": {},
  "dependencies": {
    "basePackages": {
      "iron-router": {},
      "famono": {},
      "famous-components": {},
      "flatstrap": {},
      "font-awesome": {},
      "spin": {},
      "iron-router-progress": {},
      "cordova": {}
    },
    "packages": {
      "iron-router": {
        "git": "https://github.com/EventedMind/iron-router.git",
        "tag": "v0.7.1",
        "commit": "d1ffb3f06ea4c112132b030f2eb1a70b81675ecb"
      },
      "famono": {
        "git": "https://github.com/raix/Meteor-famono.git",
        "tag": "v0.3.10",
        "commit": "79a0077f3615d7dce1bcdf19dcff251d9915d664"
      },
      "famous-components": {
        "git": "https://github.com/gadicc/meteor-famous-components.git",
        "tag": "v0.0.15",
        "commit": "371bb247a45ee3c446202b38680be53d5229118d"
      },
      "flatstrap": {
        "git": "https://github.com/fraherm/flatstrap.git",
        "tag": "v1.0.0",
        "commit": "f6f79e940524bdd1aa379fd708d8eda0f83dc557"
      },
      "font-awesome": {
        "git": "https://github.com/nate-strauser/meteor-font-awesome.git",
        "tag": "v4.1.0",
        "commit": "ce6b1e92715d1938babc5d69c655c17e387f5926"
      },
      "spin": {
        "git": "https://github.com/SachaG/meteor-spin.git",
        "tag": "v0.2.2",
        "commit": "3f655f0016228e4195acc784c45d3e3a247dc39f"
      },
      "iron-router-progress": {
        "git": "https://github.com/Multiply/iron-router-progress.git",
        "tag": "v0.4.0",
        "commit": "02f78bdaca4c13d59f548d5a0ce83408c34b56d1"
      },
      "cordova": {
        "git": "https://github.com/raix/Meteor-cordova.git",
        "tag": "v0.0.8",
        "commit": "4eff8b9a853673f5f4b450a0102e78f554836da4"
      },
      "blaze-layout": {
        "git": "https://github.com/EventedMind/blaze-layout.git",
        "tag": "v0.2.4",
        "commit": "b40e9b0612329288d75cf52ad14a7da64bb8618f"
      },
      "pince": {
        "git": "https://github.com/mad-eye/pince.git",
        "tag": "v0.0.5",
        "commit": "4524ecc0bdf043c49dc62e91bbd8a99c661081ed"
      }
    }
  }
}
